# This file was autogenerated by Stack.
# You should not edit this file by hand.
# For more information, please see the documentation at:
#   https://docs.haskellstack.org/en/stable/lock_files

packages:
- completed:
    hackage: dependent-hashmap-0.1.0.1@sha256:6d1c20bd79f32d8daebd3cc741f884cc3d093118e3b876eb957defd4c594a966,1892
    pantry-tree:
      sha256: 817b36b81735d96696c5b165357c431e0b396dcf45afb8b4384fbfd4f4499cbb
      size: 334
  original:
    hackage: dependent-hashmap-0.1.0.1@sha256:6d1c20bd79f32d8daebd3cc741f884cc3d093118e3b876eb957defd4c594a966,1892
snapshots:
- completed:
    sha256: 428ec8d5ce932190d3cbe266b9eb3c175cd81e984babf876b64019e2cbe4ea68
    size: 590100
    url: https://raw.githubusercontent.com/commercialhaskell/stackage-snapshots/master/lts/18/28.yaml
  original:
    url: https://raw.githubusercontent.com/commercialhaskell/stackage-snapshots/master/lts/18/28.yaml
